
Microsoft Visual Studio Solution File, Format Version 12.00
# Visual Studio Version 17
VisualStudioVersion = 17.5.33516.290
MinimumVisualStudioVersion = 10.0.40219.1
Project("{9A19103F-16F7-4668-BE54-9A1E7A4F7556}") = "App", "App\App.csproj", "{6191862F-421C-4F97-BDA6-09197FEC75D1}"
EndProject
Project("{9A19103F-16F7-4668-BE54-9A1E7A4F7556}") = "DeviceInterface", "DLL\DeviceInterface.csproj", "{AE4F059A-DE12-4D48-81E8-DFF6E1059B61}"
EndProject
Project("{FAE04EC0-301F-11D3-BF4B-00C04F79EFBC}") = "Device Tests", "Device Tests\Device Tests.csproj", "{9972CC56-9A6D-4C13-9CCC-8AA7F025C8A7}"
EndProject
Global
	GlobalSection(SolutionConfigurationPlatforms) = preSolution
		Debug|Any CPU = Debug|Any CPU
		Release|Any CPU = Release|Any CPU
	EndGlobalSection
	GlobalSection(ProjectConfigurationPlatforms) = postSolution
		{6191862F-421C-4F97-BDA6-09197FEC75D1}.Debug|Any CPU.ActiveCfg = Debug|Any CPU
		{6191862F-421C-4F97-BDA6-09197FEC75D1}.Debug|Any CPU.Build.0 = Debug|Any CPU
		{6191862F-421C-4F97-BDA6-09197FEC75D1}.Release|Any CPU.ActiveCfg = Release|Any CPU
		{6191862F-421C-4F97-BDA6-09197FEC75D1}.Release|Any CPU.Build.0 = Release|Any CPU
		{AE4F059A-DE12-4D48-81E8-DFF6E1059B61}.Debug|Any CPU.ActiveCfg = Debug|Any CPU
		{AE4F059A-DE12-4D48-81E8-DFF6E1059B61}.Debug|Any CPU.Build.0 = Debug|Any CPU
		{AE4F059A-DE12-4D48-81E8-DFF6E1059B61}.Release|Any CPU.ActiveCfg = Release|Any CPU
		{AE4F059A-DE12-4D48-81E8-DFF6E1059B61}.Release|Any CPU.Build.0 = Release|Any CPU
		{9972CC56-9A6D-4C13-9CCC-8AA7F025C8A7}.Debug|Any CPU.ActiveCfg = Debug|Any CPU
		{9972CC56-9A6D-4C13-9CCC-8AA7F025C8A7}.Debug|Any CPU.Build.0 = Debug|Any CPU
		{9972CC56-9A6D-4C13-9CCC-8AA7F025C8A7}.Release|Any CPU.ActiveCfg = Release|Any CPU
		{9972CC56-9A6D-4C13-9CCC-8AA7F025C8A7}.Release|Any CPU.Build.0 = Release|Any CPU
	EndGlobalSection
	GlobalSection(SolutionProperties) = preSolution
		HideSolutionNode = FALSE
	EndGlobalSection
	GlobalSection(ExtensibilityGlobals) = postSolution
		SolutionGuid = {ACCBAF83-416C-409C-B37C-4D3820E344BC}
	EndGlobalSection
EndGlobal
